// !$*UTF8*$!
{
	archiveVersion = 1;
	classes = {
	};
	objectVersion = 46;
	objects = {

/* Begin PBXBuildFile section */
		39616FE01DE161AC00C841B7 /* AppDelegate.swift in Sources */ = {isa = PBXBuildFile; fileRef = 39616FDF1DE161AC00C841B7 /* AppDelegate.swift */; };
		39616FE71DE161AC00C841B7 /* Assets.xcassets in Resources */ = {isa = PBXBuildFile; fileRef = 39616FE61DE161AC00C841B7 /* Assets.xcassets */; };
		4431B79F2146485800ADC291 /* PJDiscoverTableViewController.swift in Sources */ = {isa = PBXBuildFile; fileRef = 4431B79E2146485800ADC291 /* PJDiscoverTableViewController.swift */; };
		4431B7A12146489D00ADC291 /* PJMessageTableViewController.swift in Sources */ = {isa = PBXBuildFile; fileRef = 4431B7A02146489D00ADC291 /* PJMessageTableViewController.swift */; };
		4431B7A3214648B500ADC291 /* PJProfileTableViewController.swift in Sources */ = {isa = PBXBuildFile; fileRef = 4431B7A2214648B500ADC291 /* PJProfileTableViewController.swift */; };
		4431B7A621464BAD00ADC291 /* PJTabBar.swift in Sources */ = {isa = PBXBuildFile; fileRef = 4431B7A521464BAD00ADC291 /* PJTabBar.swift */; };
		44E54F5B213930200008E042 /* PJHomeViewController.swift in Sources */ = {isa = PBXBuildFile; fileRef = 44E54F5A213930200008E042 /* PJHomeViewController.swift */; };
		44E54F6021393ADD0008E042 /* UIView+Extension.swift in Sources */ = {isa = PBXBuildFile; fileRef = 44E54F5F21393ADD0008E042 /* UIView+Extension.swift */; };
		44E54F62213944530008E042 /* UIBarButtonItem+Extension.swift in Sources */ = {isa = PBXBuildFile; fileRef = 44E54F61213944530008E042 /* UIBarButtonItem+Extension.swift */; };
		44E54F66213CE2670008E042 /* PJMainTabBarController.swift in Sources */ = {isa = PBXBuildFile; fileRef = 44E54F65213CE2670008E042 /* PJMainTabBarController.swift */; };
		44E54F68213CE63C0008E042 /* PJBaseNavController.swift in Sources */ = {isa = PBXBuildFile; fileRef = 44E54F67213CE63C0008E042 /* PJBaseNavController.swift */; };
		44E54F6A213D03470008E042 /* PJBaseTableViewController.swift in Sources */ = {isa = PBXBuildFile; fileRef = 44E54F69213D03470008E042 /* PJBaseTableViewController.swift */; };
		44E54F6C213D0EB60008E042 /* PJUserAccountViewModel.swift in Sources */ = {isa = PBXBuildFile; fileRef = 44E54F6B213D0EB60008E042 /* PJUserAccountViewModel.swift */; };
		44E54F6E213D15130008E042 /* PJUserAccount.swift in Sources */ = {isa = PBXBuildFile; fileRef = 44E54F6D213D15130008E042 /* PJUserAccount.swift */; };
/* End PBXBuildFile section */

/* Begin PBXFileReference section */
		39616FDC1DE161AC00C841B7 /* douYuShow.app */ = {isa = PBXFileReference; explicitFileType = wrapper.application; includeInIndex = 0; path = douYuShow.app; sourceTree = BUILT_PRODUCTS_DIR; };
		39616FDF1DE161AC00C841B7 /* AppDelegate.swift */ = {isa = PBXFileReference; lastKnownFileType = sourcecode.swift; path = AppDelegate.swift; sourceTree = "<group>"; };
		39616FE61DE161AC00C841B7 /* Assets.xcassets */ = {isa = PBXFileReference; lastKnownFileType = folder.assetcatalog; path = Assets.xcassets; sourceTree = "<group>"; };
		39616FEB1DE161AC00C841B7 /* Info.plist */ = {isa = PBXFileReference; lastKnownFileType = text.plist.xml; path = Info.plist; sourceTree = "<group>"; };
		4431B79E2146485800ADC291 /* PJDiscoverTableViewController.swift */ = {isa = PBXFileReference; lastKnownFileType = sourcecode.swift; path = PJDiscoverTableViewController.swift; sourceTree = "<group>"; };
		4431B7A02146489D00ADC291 /* PJMessageTableViewController.swift */ = {isa = PBXFileReference; lastKnownFileType = sourcecode.swift; path = PJMessageTableViewController.swift; sourceTree = "<group>"; };
		4431B7A2214648B500ADC291 /* PJProfileTableViewController.swift */ = {isa = PBXFileReference; lastKnownFileType = sourcecode.swift; path = PJProfileTableViewController.swift; sourceTree = "<group>"; };
		4431B7A521464BAD00ADC291 /* PJTabBar.swift */ = {isa = PBXFileReference; lastKnownFileType = sourcecode.swift; path = PJTabBar.swift; sourceTree = "<group>"; };
		44E54F5A213930200008E042 /* PJHomeViewController.swift */ = {isa = PBXFileReference; lastKnownFileType = sourcecode.swift; path = PJHomeViewController.swift; sourceTree = "<group>"; };
		44E54F5F21393ADD0008E042 /* UIView+Extension.swift */ = {isa = PBXFileReference; lastKnownFileType = sourcecode.swift; path = "UIView+Extension.swift"; sourceTree = "<group>"; };
		44E54F61213944530008E042 /* UIBarButtonItem+Extension.swift */ = {isa = PBXFileReference; lastKnownFileType = sourcecode.swift; path = "UIBarButtonItem+Extension.swift"; sourceTree = "<group>"; };
		44E54F65213CE2670008E042 /* PJMainTabBarController.swift */ = {isa = PBXFileReference; lastKnownFileType = sourcecode.swift; path = PJMainTabBarController.swift; sourceTree = "<group>"; };
		44E54F67213CE63C0008E042 /* PJBaseNavController.swift */ = {isa = PBXFileReference; lastKnownFileType = sourcecode.swift; path = PJBaseNavController.swift; sourceTree = "<group>"; };
		44E54F69213D03470008E042 /* PJBaseTableViewController.swift */ = {isa = PBXFileReference; lastKnownFileType = sourcecode.swift; path = PJBaseTableViewController.swift; sourceTree = "<group>"; };
		44E54F6B213D0EB60008E042 /* PJUserAccountViewModel.swift */ = {isa = PBXFileReference; lastKnownFileType = sourcecode.swift; path = PJUserAccountViewModel.swift; sourceTree = "<group>"; };
		44E54F6D213D15130008E042 /* PJUserAccount.swift */ = {isa = PBXFileReference; lastKnownFileType = sourcecode.swift; path = PJUserAccount.swift; sourceTree = "<group>"; };
/* End PBXFileReference section */

/* Begin PBXFrameworksBuildPhase section */
		39616FD91DE161AC00C841B7 /* Frameworks */ = {
			isa = PBXFrameworksBuildPhase;
			buildActionMask = 2147483647;
			files = (
			);
			runOnlyForDeploymentPostprocessing = 0;
		};
/* End PBXFrameworksBuildPhase section */

/* Begin PBXGroup section */
		39616FD31DE161AC00C841B7 = {
			isa = PBXGroup;
			children = (
				39616FDE1DE161AC00C841B7 /* douYuShow */,
				39616FDD1DE161AC00C841B7 /* Products */,
			);
			sourceTree = "<group>";
		};
		39616FDD1DE161AC00C841B7 /* Products */ = {
			isa = PBXGroup;
			children = (
				39616FDC1DE161AC00C841B7 /* douYuShow.app */,
			);
			name = Products;
			sourceTree = "<group>";
		};
		39616FDE1DE161AC00C841B7 /* douYuShow */ = {
			isa = PBXGroup;
			children = (
				44E54F4B21392F680008E042 /* Classes */,
				39616FDF1DE161AC00C841B7 /* AppDelegate.swift */,
				39616FE61DE161AC00C841B7 /* Assets.xcassets */,
				39616FEB1DE161AC00C841B7 /* Info.plist */,
			);
			path = douYuShow;
			sourceTree = "<group>";
		};
		4431B7A421464B9100ADC291 /* View */ = {
			isa = PBXGroup;
			children = (
				4431B7A521464BAD00ADC291 /* PJTabBar.swift */,
			);
			path = View;
			sourceTree = "<group>";
		};
		44E54F4B21392F680008E042 /* Classes */ = {
			isa = PBXGroup;
			children = (
				44E54F4C21392F680008E042 /* ViewModel */,
				44E54F4D21392F680008E042 /* Tools */,
				44E54F4E21392F680008E042 /* Other */,
				44E54F4F21392F680008E042 /* Model */,
				44E54F5021392F680008E042 /* View */,
			);
			path = Classes;
			sourceTree = "<group>";
		};
		44E54F4C21392F680008E042 /* ViewModel */ = {
			isa = PBXGroup;
			children = (
				44E54F6B213D0EB60008E042 /* PJUserAccountViewModel.swift */,
			);
			path = ViewModel;
			sourceTree = "<group>";
		};
		44E54F4D21392F680008E042 /* Tools */ = {
			isa = PBXGroup;
			children = (
				44E54F5C213933A60008E042 /* Extension */,
			);
			path = Tools;
			sourceTree = "<group>";
		};
		44E54F4E21392F680008E042 /* Other */ = {
			isa = PBXGroup;
			children = (
			);
			path = Other;
			sourceTree = "<group>";
		};
		44E54F4F21392F680008E042 /* Model */ = {
			isa = PBXGroup;
			children = (
				44E54F6D213D15130008E042 /* PJUserAccount.swift */,
			);
			path = Model;
			sourceTree = "<group>";
		};
		44E54F5021392F680008E042 /* View */ = {
			isa = PBXGroup;
			children = (
				44E54F5121392F680008E042 /* Home */,
				44E54F5221392F680008E042 /* Discover */,
				44E54F5321392F680008E042 /* OAuth */,
				44E54F5421392F680008E042 /* Compose */,
				44E54F5521392F680008E042 /* Message */,
				44E54F5621392F680008E042 /* Profile */,
				44E54F5721392F680008E042 /* Main */,
			);
			path = View;
			sourceTree = "<group>";
		};
		44E54F5121392F680008E042 /* Home */ = {
			isa = PBXGroup;
			children = (
				44E54F5821392FEC0008E042 /* View */,
				44E54F5921392FEC0008E042 /* ViewController */,
			);
			path = Home;
			sourceTree = "<group>";
		};
		44E54F5221392F680008E042 /* Discover */ = {
			isa = PBXGroup;
			children = (
				4431B79E2146485800ADC291 /* PJDiscoverTableViewController.swift */,
			);
			path = Discover;
			sourceTree = "<group>";
		};
		44E54F5321392F680008E042 /* OAuth */ = {
			isa = PBXGroup;
			children = (
			);
			path = OAuth;
			sourceTree = "<group>";
		};
		44E54F5421392F680008E042 /* Compose */ = {
			isa = PBXGroup;
			children = (
			);
			path = Compose;
			sourceTree = "<group>";
		};
		44E54F5521392F680008E042 /* Message */ = {
			isa = PBXGroup;
			children = (
				4431B7A02146489D00ADC291 /* PJMessageTableViewController.swift */,
			);
			path = Message;
			sourceTree = "<group>";
		};
		44E54F5621392F680008E042 /* Profile */ = {
			isa = PBXGroup;
			children = (
				4431B7A2214648B500ADC291 /* PJProfileTableViewController.swift */,
			);
			path = Profile;
			sourceTree = "<group>";
		};
		44E54F5721392F680008E042 /* Main */ = {
			isa = PBXGroup;
			children = (
				4431B7A421464B9100ADC291 /* View */,
				44E54F65213CE2670008E042 /* PJMainTabBarController.swift */,
				44E54F67213CE63C0008E042 /* PJBaseNavController.swift */,
				44E54F69213D03470008E042 /* PJBaseTableViewController.swift */,
			);
			path = Main;
			sourceTree = "<group>";
		};
		44E54F5821392FEC0008E042 /* View */ = {
			isa = PBXGroup;
			children = (
			);
			path = View;
			sourceTree = "<group>";
		};
		44E54F5921392FEC0008E042 /* ViewController */ = {
			isa = PBXGroup;
			children = (
				44E54F5A213930200008E042 /* PJHomeViewController.swift */,
			);
			path = ViewController;
			sourceTree = "<group>";
		};
		44E54F5C213933A60008E042 /* Extension */ = {
			isa = PBXGroup;
			children = (
				44E54F5F21393ADD0008E042 /* UIView+Extension.swift */,
				44E54F61213944530008E042 /* UIBarButtonItem+Extension.swift */,
			);
			path = Extension;
			sourceTree = "<group>";
		};
/* End PBXGroup section */

/* Begin PBXNativeTarget section */
		39616FDB1DE161AC00C841B7 /* douYuShow */ = {
			isa = PBXNativeTarget;
			buildConfigurationList = 39616FEE1DE161AC00C841B7 /* Build configuration list for PBXNativeTarget "douYuShow" */;
			buildPhases = (
				39616FD81DE161AC00C841B7 /* Sources */,
				39616FD91DE161AC00C841B7 /* Frameworks */,
				39616FDA1DE161AC00C841B7 /* Resources */,
			);
			buildRules = (
			);
			dependencies = (
			);
			name = douYuShow;
			productName = douYuShow;
			productReference = 39616FDC1DE161AC00C841B7 /* douYuShow.app */;
			productType = "com.apple.product-type.application";
		};
/* End PBXNativeTarget section */

/* Begin PBXProject section */
		39616FD41DE161AC00C841B7 /* Project object */ = {
			isa = PBXProject;
			attributes = {
				CLASSPREFIX = PJ;
				LastSwiftUpdateCheck = 0810;
				LastUpgradeCheck = 0810;
				ORGANIZATIONNAME = pengjie;
				TargetAttributes = {
					39616FDB1DE161AC00C841B7 = {
						CreatedOnToolsVersion = 8.1;
						ProvisioningStyle = Automatic;
					};
				};
			};
			buildConfigurationList = 39616FD71DE161AC00C841B7 /* Build configuration list for PBXProject "douYuShow" */;
			compatibilityVersion = "Xcode 3.2";
			developmentRegion = English;
			hasScannedForEncodings = 0;
			knownRegions = (
				en,
				Base,
			);
			mainGroup = 39616FD31DE161AC00C841B7;
			productRefGroup = 39616FDD1DE161AC00C841B7 /* Products */;
			projectDirPath = "";
			projectRoot = "";
			targets = (
				39616FDB1DE161AC00C841B7 /* douYuShow */,
			);
		};
/* End PBXProject section */

/* Begin PBXResourcesBuildPhase section */
		39616FDA1DE161AC00C841B7 /* Resources */ = {
			isa = PBXResourcesBuildPhase;
			buildActionMask = 2147483647;
			files = (
				39616FE71DE161AC00C841B7 /* Assets.xcassets in Resources */,
			);
			runOnlyForDeploymentPostprocessing = 0;
		};
/* End PBXResourcesBuildPhase section */

/* Begin PBXSourcesBuildPhase section */
		39616FD81DE161AC00C841B7 /* Sources */ = {
			isa = PBXSourcesBuildPhase;
			buildActionMask = 2147483647;
			files = (
				44E54F6E213D15130008E042 /* PJUserAccount.swift in Sources */,
				44E54F62213944530008E042 /* UIBarButtonItem+Extension.swift in Sources */,
				44E54F6C213D0EB60008E042 /* PJUserAccountViewModel.swift in Sources */,
				44E54F6A213D03470008E042 /* PJBaseTableViewController.swift in Sources */,
				44E54F6021393ADD0008E042 /* UIView+Extension.swift in Sources */,
				44E54F68213CE63C0008E042 /* PJBaseNavController.swift in Sources */,
				4431B7A12146489D00ADC291 /* PJMessageTableViewController.swift in Sources */,
				4431B7A3214648B500ADC291 /* PJProfileTableViewController.swift in Sources */,
				4431B79F2146485800ADC291 /* PJDiscoverTableViewController.swift in Sources */,
				39616FE01DE161AC00C841B7 /* AppDelegate.swift in Sources */,
				4431B7A621464BAD00ADC291 /* PJTabBar.swift in Sources */,
				44E54F5B213930200008E042 /* PJHomeViewController.swift in Sources */,
				44E54F66213CE2670008E042 /* PJMainTabBarController.swift in Sources */,
			);
			runOnlyForDeploymentPostprocessing = 0;
		};
/* End PBXSourcesBuildPhase section */

/* Begin XCBuildConfiguration section */
		39616FEC1DE161AC00C841B7 /* Debug */ = {
			isa = XCBuildConfiguration;
			buildSettings = {
				ALWAYS_SEARCH_USER_PATHS = NO;
				CLANG_ANALYZER_NONNULL = YES;
				CLANG_CXX_LANGUAGE_STANDARD = "gnu++0x";
				CLANG_CXX_LIBRARY = "libc++";
				CLANG_ENABLE_MODULES = YES;
				CLANG_ENABLE_OBJC_ARC = YES;
				CLANG_WARN_BOOL_CONVERSION = YES;
				CLANG_WARN_CONSTANT_CONVERSION = YES;
				CLANG_WARN_DIRECT_OBJC_ISA_USAGE = YES_ERROR;
				CLANG_WARN_DOCUMENTATION_COMMENTS = YES;
				CLANG_WARN_EMPTY_BODY = YES;
				CLANG_WARN_ENUM_CONVERSION = YES;
				CLANG_WARN_INFINITE_RECURSION = YES;
				CLANG_WARN_INT_CONVERSION = YES;
				CLANG_WARN_OBJC_ROOT_CLASS = YES_ERROR;
				CLANG_WARN_SUSPICIOUS_MOVES = YES;
				CLANG_WARN_UNREACHABLE_CODE = YES;
				CLANG_WARN__DUPLICATE_METHOD_MATCH = YES;
				"CODE_SIGN_IDENTITY[sdk=iphoneos*]" = "iPhone Developer";
				COPY_PHASE_STRIP = NO;
				DEBUG_INFORMATION_FORMAT = dwarf;
				ENABLE_STRICT_OBJC_MSGSEND = YES;
				ENABLE_TESTABILITY = YES;
				GCC_C_LANGUAGE_STANDARD = gnu99;
				GCC_DYNAMIC_NO_PIC = NO;
				GCC_NO_COMMON_BLOCKS = YES;
				GCC_OPTIMIZATION_LEVEL = 0;
				GCC_PREPROCESSOR_DEFINITIONS = (
					"DEBUG=1",
					"$(inherited)",
				);
				GCC_WARN_64_TO_32_BIT_CONVERSION = YES;
				GCC_WARN_ABOUT_RETURN_TYPE = YES_ERROR;
				GCC_WARN_UNDECLARED_SELECTOR = YES;
				GCC_WARN_UNINITIALIZED_AUTOS = YES_AGGRESSIVE;
				GCC_WARN_UNUSED_FUNCTION = YES;
				GCC_WARN_UNUSED_VARIABLE = YES;
				IPHONEOS_DEPLOYMENT_TARGET = 10.1;
				MTL_ENABLE_DEBUG_INFO = YES;
				ONLY_ACTIVE_ARCH = YES;
				SDKROOT = iphoneos;
				SWIFT_ACTIVE_COMPILATION_CONDITIONS = DEBUG;
				SWIFT_OPTIMIZATION_LEVEL = "-Onone";
			};
			name = Debug;
		};
		39616FED1DE161AC00C841B7 /* Release */ = {
			isa = XCBuildConfiguration;
			buildSettings = {
				ALWAYS_SEARCH_USER_PATHS = NO;
				CLANG_ANALYZER_NONNULL = YES;
				CLANG_CXX_LANGUAGE_STANDARD = "gnu++0x";
				CLANG_CXX_LIBRARY = "libc++";
				CLANG_ENABLE_MODULES = YES;
				CLANG_ENABLE_OBJC_ARC = YES;
				CLANG_WARN_BOOL_CONVERSION = YES;
				CLANG_WARN_CONSTANT_CONVERSION = YES;
				CLANG_WARN_DIRECT_OBJC_ISA_USAGE = YES_ERROR;
				CLANG_WARN_DOCUMENTATION_COMMENTS = YES;
				CLANG_WARN_EMPTY_BODY = YES;
				CLANG_WARN_ENUM_CONVERSION = YES;
				CLANG_WARN_INFINITE_RECURSION = YES;
				CLANG_WARN_INT_CONVERSION = YES;
				CLANG_WARN_OBJC_ROOT_CLASS = YES_ERROR;
				CLANG_WARN_SUSPICIOUS_MOVES = YES;
				CLANG_WARN_UNREACHABLE_CODE = YES;
				CLANG_WARN__DUPLICATE_METHOD_MATCH = YES;
				"CODE_SIGN_IDENTITY[sdk=iphoneos*]" = "iPhone Developer";
				COPY_PHASE_STRIP = NO;
				DEBUG_INFORMATION_FORMAT = "dwarf-with-dsym";
				ENABLE_NS_ASSERTIONS = NO;
				ENABLE_STRICT_OBJC_MSGSEND = YES;
				GCC_C_LANGUAGE_STANDARD = gnu99;
				GCC_NO_COMMON_BLOCKS = YES;
				GCC_WARN_64_TO_32_BIT_CONVERSION = YES;
				GCC_WARN_ABOUT_RETURN_TYPE = YES_ERROR;
				GCC_WARN_UNDECLARED_SELECTOR = YES;
				GCC_WARN_UNINITIALIZED_AUTOS = YES_AGGRESSIVE;
				GCC_WARN_UNUSED_FUNCTION = YES;
				GCC_WARN_UNUSED_VARIABLE = YES;
				IPHONEOS_DEPLOYMENT_TARGET = 10.1;
				MTL_ENABLE_DEBUG_INFO = NO;
				SDKROOT = iphoneos;
				SWIFT_OPTIMIZATION_LEVEL = "-Owholemodule";
				VALIDATE_PRODUCT = YES;
			};
			name = Release;
		};
		39616FEF1DE161AC00C841B7 /* Debug */ = {
			isa = XCBuildConfiguration;
			buildSettings = {
				ASSETCATALOG_COMPILER_APPICON_NAME = AppIcon;
				INFOPLIST_FILE = douYuShow/Info.plist;
				LD_RUNPATH_SEARCH_PATHS = "$(inherited) @executable_path/Frameworks";
				PRODUCT_BUNDLE_IDENTIFIER = com.abby.pj.douYuShow;
				PRODUCT_NAME = "$(TARGET_NAME)";
				SWIFT_VERSION = 3.0;
			};
			name = Debug;
		};
		39616FF01DE161AC00C841B7 /* Release */ = {
			isa = XCBuildConfiguration;
			buildSettings = {
				ASSETCATALOG_COMPILER_APPICON_NAME = AppIcon;
				INFOPLIST_FILE = douYuShow/Info.plist;
				LD_RUNPATH_SEARCH_PATHS = "$(inherited) @executable_path/Frameworks";
				PRODUCT_BUNDLE_IDENTIFIER = com.abby.pj.douYuShow;
				PRODUCT_NAME = "$(TARGET_NAME)";
				SWIFT_VERSION = 3.0;
			};
			name = Release;
		};
/* End XCBuildConfiguration section */

/* Begin XCConfigurationList section */
		39616FD71DE161AC00C841B7 /* Build configuration list for PBXProject "douYuShow" */ = {
			isa = XCConfigurationList;
			buildConfigurations = (
				39616FEC1DE161AC00C841B7 /* Debug */,
				39616FED1DE161AC00C841B7 /* Release */,
			);
			defaultConfigurationIsVisible = 0;
			defaultConfigurationName = Release;
		};
		39616FEE1DE161AC00C841B7 /* Build configuration list for PBXNativeTarget "douYuShow" */ = {
			isa = XCConfigurationList;
			buildConfigurations = (
				39616FEF1DE161AC00C841B7 /* Debug */,
				39616FF01DE161AC00C841B7 /* Release */,
			);
			defaultConfigurationIsVisible = 0;
			defaultConfigurationName = Release;
		};
/* End XCConfigurationList section */
	};
	rootObject = 39616FD41DE161AC00C841B7 /* Project object */;
}
